
Microsoft Visual Studio Solution File, Format Version 12.00
# Visual Studio Version 16
VisualStudioVersion = 16.0.28922.388
MinimumVisualStudioVersion = 10.0.40219.1
Project("{FAE04EC0-301F-11D3-BF4B-00C04F79EFBC}") = "sr04_3d", "sr04_3d\sr04_3d.csproj", "{5B434FB6-6A7F-4A66-987C-C2D0DA945C0D}"
EndProject
Global
	GlobalSection(SolutionConfigurationPlatforms) = preSolution
		Debug|Any CPU = Debug|Any CPU
		Release|Any CPU = Release|Any CPU
	EndGlobalSection
	GlobalSection(ProjectConfigurationPlatforms) = postSolution
		{5B434FB6-6A7F-4A66-987C-C2D0DA945C0D}.Debug|Any CPU.ActiveCfg = Debug|Any CPU
		{5B434FB6-6A7F-4A66-987C-C2D0DA945C0D}.Debug|Any CPU.Build.0 = Debug|Any CPU
		{5B434FB6-6A7F-4A66-987C-C2D0DA945C0D}.Release|Any CPU.ActiveCfg = Release|Any CPU
		{5B434FB6-6A7F-4A66-987C-C2D0DA945C0D}.Release|Any CPU.Build.0 = Release|Any CPU
	EndGlobalSection
	GlobalSection(SolutionProperties) = preSolution
		HideSolutionNode = FALSE
	EndGlobalSection
	GlobalSection(ExtensibilityGlobals) = postSolution
		SolutionGuid = {B3FA5984-C8EC-4C20-966E-6E8B3FEF84E9}
	EndGlobalSection
EndGlobal
